
Microsoft Visual Studio Solution File, Format Version 12.00
# Visual Studio 15
VisualStudioVersion = 15.0.27703.2042
MinimumVisualStudioVersion = 10.0.40219.1
Project("{FAE04EC0-301F-11D3-BF4B-00C04F79EFBC}") = "Bank", "Bank\Bank.csproj", "{1BE0375F-E48D-487E-9891-17A360862A51}"
EndProject
Project("{FAE04EC0-301F-11D3-BF4B-00C04F79EFBC}") = "BankOperations", "BankOperations\BankOperations.csproj", "{EE1309F1-49B5-4C98-98E8-B80753664903}"
EndProject
Project("{FAE04EC0-301F-11D3-BF4B-00C04F79EFBC}") = "DatabaseConnectivity", "DatabaseConnectivity\DatabaseConnectivity.csproj", "{B4B538F2-C1EF-4E21-B5EB-D28B8D67616E}"
EndProject
Global
	GlobalSection(SolutionConfigurationPlatforms) = preSolution
		Debug|Any CPU = Debug|Any CPU
		Release|Any CPU = Release|Any CPU
	EndGlobalSection
	GlobalSection(ProjectConfigurationPlatforms) = postSolution
		{1BE0375F-E48D-487E-9891-17A360862A51}.Debug|Any CPU.ActiveCfg = Debug|Any CPU
		{1BE0375F-E48D-487E-9891-17A360862A51}.Debug|Any CPU.Build.0 = Debug|Any CPU
		{1BE0375F-E48D-487E-9891-17A360862A51}.Release|Any CPU.ActiveCfg = Release|Any CPU
		{1BE0375F-E48D-487E-9891-17A360862A51}.Release|Any CPU.Build.0 = Release|Any CPU
		{EE1309F1-49B5-4C98-98E8-B80753664903}.Debug|Any CPU.ActiveCfg = Debug|Any CPU
		{EE1309F1-49B5-4C98-98E8-B80753664903}.Debug|Any CPU.Build.0 = Debug|Any CPU
		{EE1309F1-49B5-4C98-98E8-B80753664903}.Release|Any CPU.ActiveCfg = Release|Any CPU
		{EE1309F1-49B5-4C98-98E8-B80753664903}.Release|Any CPU.Build.0 = Release|Any CPU
		{B4B538F2-C1EF-4E21-B5EB-D28B8D67616E}.Debug|Any CPU.ActiveCfg = Debug|Any CPU
		{B4B538F2-C1EF-4E21-B5EB-D28B8D67616E}.Debug|Any CPU.Build.0 = Debug|Any CPU
		{B4B538F2-C1EF-4E21-B5EB-D28B8D67616E}.Release|Any CPU.ActiveCfg = Release|Any CPU
		{B4B538F2-C1EF-4E21-B5EB-D28B8D67616E}.Release|Any CPU.Build.0 = Release|Any CPU
	EndGlobalSection
	GlobalSection(SolutionProperties) = preSolution
		HideSolutionNode = FALSE
	EndGlobalSection
	GlobalSection(ExtensibilityGlobals) = postSolution
		SolutionGuid = {5D5FD30B-9BCF-42AA-8DDB-25A877971179}
	EndGlobalSection
EndGlobal
